
Microsoft Visual Studio Solution File, Format Version 12.00
# Visual Studio 14
VisualStudioVersion = 14.0.22823.1
MinimumVisualStudioVersion = 10.0.40219.1
Project("{FAE04EC0-301F-11D3-BF4B-00C04F79EFBC}") = "MsSqlServer2014Express", "MsSqlServer2014Express\MsSqlServer2014Express.csproj", "{4E34F8BB-BB5E-4AF5-BA16-6B9E2AC2CCAA}"
EndProject
Project("{FAE04EC0-301F-11D3-BF4B-00C04F79EFBC}") = "MsSqlServerManagementStudio2014Express", "MsSqlServerManagementStudio2014Express\MsSqlServerManagementStudio2014Express.csproj", "{6018357E-F37F-44C6-AA38-AB84F430978C}"
EndProject
Project("{2150E333-8FDC-42A3-9474-1A3956D46DE8}") = "Solution Items", "Solution Items", "{F336C122-C876-4460-BB43-444DF5F9FF7D}"
	ProjectSection(SolutionItems) = preProject
		BuildPackage.proj = BuildPackage.proj
	EndProjectSection
EndProject
Project("{FAE04EC0-301F-11D3-BF4B-00C04F79EFBC}") = "MsSqlServerSchoolSampleDatabase", "MsSqlServerSchoolSampleDatabase\MsSqlServerSchoolSampleDatabase.csproj", "{63C80337-4610-491A-9066-257FAEBF03A1}"
EndProject
Project("{FAE04EC0-301F-11D3-BF4B-00C04F79EFBC}") = "vs2013.4-ultimate-iso", "vs2013.4-ultimate-iso\vs2013.4-ultimate-iso.csproj", "{653C3864-E323-4A2D-B540-ED67834AE548}"
EndProject
Project("{FAE04EC0-301F-11D3-BF4B-00C04F79EFBC}") = "vs2015.enterprise-iso", "vs2015.enterprise-iso\vs2015.enterprise-iso.csproj", "{E8AAB5EE-0B33-4282-A43C-18C7B2AA428E}"
EndProject
Global
	GlobalSection(SolutionConfigurationPlatforms) = preSolution
		Debug|Any CPU = Debug|Any CPU
		Release|Any CPU = Release|Any CPU
	EndGlobalSection
	GlobalSection(ProjectConfigurationPlatforms) = postSolution
		{4E34F8BB-BB5E-4AF5-BA16-6B9E2AC2CCAA}.Debug|Any CPU.ActiveCfg = Debug|Any CPU
		{4E34F8BB-BB5E-4AF5-BA16-6B9E2AC2CCAA}.Debug|Any CPU.Build.0 = Debug|Any CPU
		{4E34F8BB-BB5E-4AF5-BA16-6B9E2AC2CCAA}.Release|Any CPU.ActiveCfg = Release|Any CPU
		{4E34F8BB-BB5E-4AF5-BA16-6B9E2AC2CCAA}.Release|Any CPU.Build.0 = Release|Any CPU
		{6018357E-F37F-44C6-AA38-AB84F430978C}.Debug|Any CPU.ActiveCfg = Debug|Any CPU
		{6018357E-F37F-44C6-AA38-AB84F430978C}.Debug|Any CPU.Build.0 = Debug|Any CPU
		{6018357E-F37F-44C6-AA38-AB84F430978C}.Release|Any CPU.ActiveCfg = Release|Any CPU
		{6018357E-F37F-44C6-AA38-AB84F430978C}.Release|Any CPU.Build.0 = Release|Any CPU
		{63C80337-4610-491A-9066-257FAEBF03A1}.Debug|Any CPU.ActiveCfg = Debug|Any CPU
		{63C80337-4610-491A-9066-257FAEBF03A1}.Debug|Any CPU.Build.0 = Debug|Any CPU
		{63C80337-4610-491A-9066-257FAEBF03A1}.Release|Any CPU.ActiveCfg = Release|Any CPU
		{63C80337-4610-491A-9066-257FAEBF03A1}.Release|Any CPU.Build.0 = Release|Any CPU
		{653C3864-E323-4A2D-B540-ED67834AE548}.Debug|Any CPU.ActiveCfg = Debug|Any CPU
		{653C3864-E323-4A2D-B540-ED67834AE548}.Debug|Any CPU.Build.0 = Debug|Any CPU
		{653C3864-E323-4A2D-B540-ED67834AE548}.Release|Any CPU.ActiveCfg = Release|Any CPU
		{653C3864-E323-4A2D-B540-ED67834AE548}.Release|Any CPU.Build.0 = Release|Any CPU
		{E8AAB5EE-0B33-4282-A43C-18C7B2AA428E}.Debug|Any CPU.ActiveCfg = Debug|Any CPU
		{E8AAB5EE-0B33-4282-A43C-18C7B2AA428E}.Debug|Any CPU.Build.0 = Debug|Any CPU
		{E8AAB5EE-0B33-4282-A43C-18C7B2AA428E}.Release|Any CPU.ActiveCfg = Release|Any CPU
		{E8AAB5EE-0B33-4282-A43C-18C7B2AA428E}.Release|Any CPU.Build.0 = Release|Any CPU
	EndGlobalSection
	GlobalSection(SolutionProperties) = preSolution
		HideSolutionNode = FALSE
	EndGlobalSection
EndGlobal
